
Microsoft Visual Studio Solution File, Format Version 12.00
# Visual Studio Version 17
VisualStudioVersion = 17.1.32328.378
MinimumVisualStudioVersion = 10.0.40219.1
Project("{9A19103F-16F7-4668-BE54-9A1E7A4F7556}") = "StraightEdgeServer", "StraightEdgeServer\StraightEdgeServer.csproj", "{3EF61418-2346-4C6D-B3FE-AACCF75F33E9}"
EndProject
Global
	GlobalSection(SolutionConfigurationPlatforms) = preSolution
		Debug|Any CPU = Debug|Any CPU
		Release|Any CPU = Release|Any CPU
	EndGlobalSection
	GlobalSection(ProjectConfigurationPlatforms) = postSolution
		{3EF61418-2346-4C6D-B3FE-AACCF75F33E9}.Debug|Any CPU.ActiveCfg = Debug|Any CPU
		{3EF61418-2346-4C6D-B3FE-AACCF75F33E9}.Debug|Any CPU.Build.0 = Debug|Any CPU
		{3EF61418-2346-4C6D-B3FE-AACCF75F33E9}.Release|Any CPU.ActiveCfg = Release|Any CPU
		{3EF61418-2346-4C6D-B3FE-AACCF75F33E9}.Release|Any CPU.Build.0 = Release|Any CPU
	EndGlobalSection
	GlobalSection(SolutionProperties) = preSolution
		HideSolutionNode = FALSE
	EndGlobalSection
	GlobalSection(ExtensibilityGlobals) = postSolution
		SolutionGuid = {CF06777D-BC61-4506-BC65-7C57F8991DFE}
	EndGlobalSection
EndGlobal
